{
  "name": "esbuild-reactjs",
  "version": "1.0.0",
  "lockfileVersion": 1,
  "requires": true,
  "dependencies": {
    "@ethersproject/abi": {
      "version": "5.0.1",
      "resolved": "https://registry.npmjs.org/@ethersproject/abi/-/abi-5.0.1.tgz",
      "integrity": "sha512-9fqSa3jEYV4nN8tijW+jz4UnT/Ma9/b8y4+nHlsvuWqr32E2kYsT9SCIVpk/51iM6NOud7xsA6UxCox9zBeHKg==",
      "requires": {
        "@ethersproject/address": "^5.0.0",
        "@ethersproject/bignumber": "^5.0.0",
        "@ethersproject/bytes": "^5.0.0",
        "@ethersproject/constants": "^5.0.0",
        "@ethersproject/hash": "^5.0.0",
        "@ethersproject/keccak256": "^5.0.0",
        "@ethersproject/logger": "^5.0.0",
        "@ethersproject/properties": "^5.0.0",
        "@ethersproject/strings": "^5.0.0"
      }
    },
    "@ethersproject/abstract-provider": {
      "version": "5.0.1",
      "resolved": "https://registry.npmjs.org/@ethersproject/abstract-provider/-/abstract-provider-5.0.1.tgz",
      "integrity": "sha512-/KOw65ayviYPtKLqFE1qozeIJJlfI1wE/tNA+iKUPUai6bU6vg2tbfLFGarRTCQe3HoWV1t7xSsD/z9T9xg74g==",
      "requires": {
        "@ethersproject/bignumber": "^5.0.0",
        "@ethersproject/bytes": "^5.0.0",
        "@ethersproject/logger": "^5.0.0",
        "@ethersproject/networks": "^5.0.0",
        "@ethersproject/properties": "^5.0.0",
        "@ethersproject/transactions": "^5.0.0",
        "@ethersproject/web": "^5.0.0"
      }
    },
    "@ethersproject/abstract-signer": {
      "version": "5.0.1",
      "resolved": "https://registry.npmjs.org/@ethersproject/abstract-signer/-/abstract-signer-5.0.1.tgz",
      "integrity": "sha512-Rp8DP+cLcSNFkd1YhwPSBcgEWLRipNakitwIwHngAmhbo4zdiWgALD/OLqdQ7SKF75CufF1W4BCuXcQgiWaRow==",
      "requires": {
        "@ethersproject/abstract-provider": "^5.0.0",
        "@ethersproject/bignumber": "^5.0.0",
        "@ethersproject/bytes": "^5.0.0",
        "@ethersproject/logger": "^5.0.0",
        "@ethersproject/properties": "^5.0.0"
      }
    },
    "@ethersproject/address": {
      "version": "5.0.1",
      "resolved": "https://registry.npmjs.org/@ethersproject/address/-/address-5.0.1.tgz",
      "integrity": "sha512-kfQtXpBP2pI2TfoRRAYv8grHGiYw8U0c1KbMsC58/W33TIBy7gFSf/oAzOd94lNzdIUenKU0OuSzrHQfVcDDDA==",
      "requires": {
        "@ethersproject/bignumber": "^5.0.0",
        "@ethersproject/bytes": "^5.0.0",
        "@ethersproject/keccak256": "^5.0.0",
        "@ethersproject/logger": "^5.0.0",
        "@ethersproject/rlp": "^5.0.0",
        "bn.js": "^4.4.0"
      }
    },
    "@ethersproject/base64": {
      "version": "5.0.1",
      "resolved": "https://registry.npmjs.org/@ethersproject/base64/-/base64-5.0.1.tgz",
      "integrity": "sha512-WZDa+TYl6BQfUm9EQIDDfJFL0GiuYXNZPIWoiZx3uds7P1XMsvcW3k71AyjYUxIkU5AKW7awwPbzCbBeP1uXsA==",
      "requires": {
        "@ethersproject/bytes": "^5.0.0"
      }
    },
    "@ethersproject/basex": {
      "version": "5.0.1",
      "resolved": "https://registry.npmjs.org/@ethersproject/basex/-/basex-5.0.1.tgz",
      "integrity": "sha512-ssL2+p/A5bZgkZkiWy0iQDVz2mVJxZfzpf7dpw8t0sKF9VpoM3ZiMthRapH/QBhd4Rr6TNbr619pFLAGmMi9Ug==",
      "requires": {
        "@ethersproject/bytes": "^5.0.0",
        "@ethersproject/properties": "^5.0.0"
      }
    },
    "@ethersproject/bignumber": {
      "version": "5.0.4",
      "resolved": "https://registry.npmjs.org/@ethersproject/bignumber/-/bignumber-5.0.4.tgz",
      "integrity": "sha512-fgfwehdxS4BPRvq2B+joKqchW2E2cV3DE+O/DhG7jH3m2blM1VIzjtIOtJNjNI/YCgkygGjT1DaZS1j29RAwHw==",
      "requires": {
        "@ethersproject/bytes": "^5.0.0",
        "@ethersproject/logger": "^5.0.0",
        "@ethersproject/properties": "^5.0.0",
        "bn.js": "^4.4.0"
      }
    },
    "@ethersproject/bytes": {
      "version": "5.0.2",
      "resolved": "https://registry.npmjs.org/@ethersproject/bytes/-/bytes-5.0.2.tgz",
      "integrity": "sha512-QLE5zCreNv7KGh0AsXdvmdOYcWSJbnR654M+dLyY90g3D0ehVDSf+wxzG/GmWa79ESsqo/cWC1kJA1Vrcq7GFw==",
      "requires": {
        "@ethersproject/logger": "^5.0.0"
      }
    },
    "@ethersproject/constants": {
      "version": "5.0.1",
      "resolved": "https://registry.npmjs.org/@ethersproject/constants/-/constants-5.0.1.tgz",
      "integrity": "sha512-Xec07hFCPN4wfC3WDiRay7KipkApl2msiKTrBHCuAwNMOM8M92+mlQp8tgfEL51DPwCZkmdk1f02kArc6caVSw==",
      "requires": {
        "@ethersproject/bignumber": "^5.0.0"
      }
    },
    "@ethersproject/contracts": {
      "version": "5.0.1",
      "resolved": "https://registry.npmjs.org/@ethersproject/contracts/-/contracts-5.0.1.tgz",
      "integrity": "sha512-1uPajmkvw3Oy/dxs5TKUsGaXzQ3s5qiXKSVpw9ZrhGG6fMRO3gNyUA+uSWk9IXK0ulj5P95F7vW8HmYOkzep/Q==",
      "requires": {
        "@ethersproject/abi": "^5.0.0",
        "@ethersproject/abstract-provider": "^5.0.0",
        "@ethersproject/abstract-signer": "^5.0.0",
        "@ethersproject/address": "^5.0.0",
        "@ethersproject/bignumber": "^5.0.0",
        "@ethersproject/bytes": "^5.0.0",
        "@ethersproject/constants": "^5.0.0",
        "@ethersproject/logger": "^5.0.0",
        "@ethersproject/properties": "^5.0.0"
      }
    },
    "@ethersproject/hash": {
      "version": "5.0.1",
      "resolved": "https://registry.npmjs.org/@ethersproject/hash/-/hash-5.0.1.tgz",
      "integrity": "sha512-1ByUXYvkszrSSks07xctBtZfpFnIVmftxWlAAnguxh6Q65vKECd/EPi5uI5xVOvnrYMH9Vb8MK1SofPX/6fArQ==",
      "requires": {
        "@ethersproject/bytes": "^5.0.0",
        "@ethersproject/keccak256": "^5.0.0",
        "@ethersproject/logger": "^5.0.0",
        "@ethersproject/strings": "^5.0.0"
      }
    },
    "@ethersproject/hdnode": {
      "version": "5.0.1",
      "resolved": "https://registry.npmjs.org/@ethersproject/hdnode/-/hdnode-5.0.1.tgz",
      "integrity": "sha512-L2OZP4SKKxNtHUdwfK8cND09kHRH62ncxXW33WAJU9shKo8Sbz31HVqSdov84bMAGm8QfEKZbfbAJV/7DM6DjQ==",
      "requires": {
        "@ethersproject/abstract-signer": "^5.0.0",
        "@ethersproject/basex": "^5.0.0",
        "@ethersproject/bignumber": "^5.0.0",
        "@ethersproject/bytes": "^5.0.0",
        "@ethersproject/logger": "^5.0.0",
        "@ethersproject/pbkdf2": "^5.0.0",
        "@ethersproject/properties": "^5.0.0",
        "@ethersproject/sha2": "^5.0.0",
        "@ethersproject/signing-key": "^5.0.0",
        "@ethersproject/strings": "^5.0.0",
        "@ethersproject/transactions": "^5.0.0",
        "@ethersproject/wordlists": "^5.0.0"
      }
    },
    "@ethersproject/json-wallets": {
      "version": "5.0.1",
      "resolved": "https://registry.npmjs.org/@ethersproject/json-wallets/-/json-wallets-5.0.1.tgz",
      "integrity": "sha512-QjqQCh1a0a6wRVHdnqVccCLWX0vAgxnvGZeGqpOk2NbyNE8HTzV7GpOE+4LU+iCc8oonfy1gYd4hpsf+iEUWGg==",
      "requires": {
        "@ethersproject/abstract-signer": "^5.0.0",
        "@ethersproject/address": "^5.0.0",
        "@ethersproject/bytes": "^5.0.0",
        "@ethersproject/hdnode": "^5.0.0",
        "@ethersproject/keccak256": "^5.0.0",
        "@ethersproject/logger": "^5.0.0",
        "@ethersproject/pbkdf2": "^5.0.0",
        "@ethersproject/properties": "^5.0.0",
        "@ethersproject/random": "^5.0.0",
        "@ethersproject/strings": "^5.0.0",
        "@ethersproject/transactions": "^5.0.0",
        "aes-js": "3.0.0",
        "scrypt-js": "3.0.1",
        "uuid": "2.0.1"
      }
    },
    "@ethersproject/keccak256": {
      "version": "5.0.1",
      "resolved": "https://registry.npmjs.org/@ethersproject/keccak256/-/keccak256-5.0.1.tgz",
      "integrity": "sha512-AtFm/4qHRQUvZcG3WYmaT7zV79dz72+N01w0XphcIBaD/7UZXyW85Uf08sirVlckHmh9fvc4UDWyHiroKsBT6Q==",
      "requires": {
        "@ethersproject/bytes": "^5.0.0",
        "js-sha3": "0.5.7"
      }
    },
    "@ethersproject/logger": {
      "version": "5.0.2",
      "resolved": "https://registry.npmjs.org/@ethersproject/logger/-/logger-5.0.2.tgz",
      "integrity": "sha512-NQe3O1/Nwkcp6bto6hsTvrcCeR/cOGK+RhOMn0Zi2FND6gdWsf1g+5ie8gQ1REqDX4MTGP/Y131dZas985ls/g=="
    },
    "@ethersproject/networks": {
      "version": "5.0.1",
      "resolved": "https://registry.npmjs.org/@ethersproject/networks/-/networks-5.0.1.tgz",
      "integrity": "sha512-Pe34JCTC6Apm/DkK3z97xotvEyu9YHKIFlDIu5hGV6yFDb4/sUfY2SHKYSGdUrV0418ZZVrwYDveJtBFMmYu2Q==",
      "requires": {
        "@ethersproject/logger": "^5.0.0"
      }
    },
    "@ethersproject/pbkdf2": {
      "version": "5.0.1",
      "resolved": "https://registry.npmjs.org/@ethersproject/pbkdf2/-/pbkdf2-5.0.1.tgz",
      "integrity": "sha512-4wc8Aov0iJmiomu6Dv1JNGOlhm3L7omITjLmChz/vgeDnW4Unv4J/nGybCeWKgY4hnjyQMVXkdkQ15BCRbkaYg==",
      "requires": {
        "@ethersproject/bytes": "^5.0.0",
        "@ethersproject/sha2": "^5.0.0"
      }
    },
    "@ethersproject/properties": {
      "version": "5.0.1",
      "resolved": "https://registry.npmjs.org/@ethersproject/properties/-/properties-5.0.1.tgz",
      "integrity": "sha512-b3VZ/NpYIf64/hFXeWNxVCbY1xoMPIYM3n6Qnu6Ayr3bLt1olFPQfAaaRB0aOsLz7tMtmkT3DrA1KG/IrOgBRw==",
      "requires": {
        "@ethersproject/logger": "^5.0.0"
      }
    },
    "@ethersproject/providers": {
      "version": "5.7.2",
      "resolved": "https://registry.npmjs.org/@ethersproject/providers/-/providers-5.7.2.tgz",
      "integrity": "sha512-g34EWZ1WWAVgr4aptGlVBF8mhl3VWjv+8hoAnzStu8Ah22VHBsuGzP17eb6xDVRzw895G4W7vvx60lFFur/1Rg==",
      "requires": {
        "@ethersproject/abstract-provider": "^5.7.0",
        "@ethersproject/abstract-signer": "^5.7.0",
        "@ethersproject/address": "^5.7.0",
        "@ethersproject/base64": "^5.7.0",
        "@ethersproject/basex": "^5.7.0",
        "@ethersproject/bignumber": "^5.7.0",
        "@ethersproject/bytes": "^5.7.0",
        "@ethersproject/constants": "^5.7.0",
        "@ethersproject/hash": "^5.7.0",
        "@ethersproject/logger": "^5.7.0",
        "@ethersproject/networks": "^5.7.0",
        "@ethersproject/properties": "^5.7.0",
        "@ethersproject/random": "^5.7.0",
        "@ethersproject/rlp": "^5.7.0",
        "@ethersproject/sha2": "^5.7.0",
        "@ethersproject/strings": "^5.7.0",
        "@ethersproject/transactions": "^5.7.0",
        "@ethersproject/web": "^5.7.0",
        "bech32": "1.1.4",
        "ws": "7.4.6"
      },
      "dependencies": {
        "@ethersproject/abstract-provider": {
          "version": "5.7.0",
          "resolved": "https://registry.npmjs.org/@ethersproject/abstract-provider/-/abstract-provider-5.7.0.tgz",
          "integrity": "sha512-R41c9UkchKCpAqStMYUpdunjo3pkEvZC3FAwZn5S5MGbXoMQOHIdHItezTETxAO5bevtMApSyEhn9+CHcDsWBw==",
          "requires": {
            "@ethersproject/bignumber": "^5.7.0",
            "@ethersproject/bytes": "^5.7.0",
            "@ethersproject/logger": "^5.7.0",
            "@ethersproject/networks": "^5.7.0",
            "@ethersproject/properties": "^5.7.0",
            "@ethersproject/transactions": "^5.7.0",
            "@ethersproject/web": "^5.7.0"
          }
        },
        "@ethersproject/abstract-signer": {
          "version": "5.7.0",
          "resolved": "https://registry.npmjs.org/@ethersproject/abstract-signer/-/abstract-signer-5.7.0.tgz",
          "integrity": "sha512-a16V8bq1/Cz+TGCkE2OPMTOUDLS3grCpdjoJCYNnVBbdYEMSgKrU0+B90s8b6H+ByYTBZN7a3g76jdIJi7UfKQ==",
          "requires": {
            "@ethersproject/abstract-provider": "^5.7.0",
            "@ethersproject/bignumber": "^5.7.0",
            "@ethersproject/bytes": "^5.7.0",
            "@ethersproject/logger": "^5.7.0",
            "@ethersproject/properties": "^5.7.0"
          }
        },
        "@ethersproject/address": {
          "version": "5.7.0",
          "resolved": "https://registry.npmjs.org/@ethersproject/address/-/address-5.7.0.tgz",
          "integrity": "sha512-9wYhYt7aghVGo758POM5nqcOMaE168Q6aRLJZwUmiqSrAungkG74gSSeKEIR7ukixesdRZGPgVqme6vmxs1fkA==",
          "requires": {
            "@ethersproject/bignumber": "^5.7.0",
            "@ethersproject/bytes": "^5.7.0",
            "@ethersproject/keccak256": "^5.7.0",
            "@ethersproject/logger": "^5.7.0",
            "@ethersproject/rlp": "^5.7.0"
          }
        },
        "@ethersproject/base64": {
          "version": "5.7.0",
          "resolved": "https://registry.npmjs.org/@ethersproject/base64/-/base64-5.7.0.tgz",
          "integrity": "sha512-Dr8tcHt2mEbsZr/mwTPIQAf3Ai0Bks/7gTw9dSqk1mQvhW3XvRlmDJr/4n+wg1JmCl16NZue17CDh8xb/vZ0sQ==",
          "requires": {
            "@ethersproject/bytes": "^5.7.0"
          }
        },
        "@ethersproject/basex": {
          "version": "5.7.0",
          "resolved": "https://registry.npmjs.org/@ethersproject/basex/-/basex-5.7.0.tgz",
          "integrity": "sha512-ywlh43GwZLv2Voc2gQVTKBoVQ1mti3d8HK5aMxsfu/nRDnMmNqaSJ3r3n85HBByT8OpoY96SXM1FogC533T4zw==",
          "requires": {
            "@ethersproject/bytes": "^5.7.0",
            "@ethersproject/properties": "^5.7.0"
          }
        },
        "@ethersproject/bignumber": {
          "version": "5.7.0",
          "resolved": "https://registry.npmjs.org/@ethersproject/bignumber/-/bignumber-5.7.0.tgz",
          "integrity": "sha512-n1CAdIHRWjSucQO3MC1zPSVgV/6dy/fjL9pMrPP9peL+QxEg9wOsVqwD4+818B6LUEtaXzVHQiuivzRoxPxUGw==",
          "requires": {
            "@ethersproject/bytes": "^5.7.0",
            "@ethersproject/logger": "^5.7.0",
            "bn.js": "^5.2.1"
          }
        },
        "@ethersproject/bytes": {
          "version": "5.7.0",
          "resolved": "https://registry.npmjs.org/@ethersproject/bytes/-/bytes-5.7.0.tgz",
          "integrity": "sha512-nsbxwgFXWh9NyYWo+U8atvmMsSdKJprTcICAkvbBffT75qDocbuggBU0SJiVK2MuTrp0q+xvLkTnGMPK1+uA9A==",
          "requires": {
            "@ethersproject/logger": "^5.7.0"
          }
        },
        "@ethersproject/constants": {
          "version": "5.7.0",
          "resolved": "https://registry.npmjs.org/@ethersproject/constants/-/constants-5.7.0.tgz",
          "integrity": "sha512-DHI+y5dBNvkpYUMiRQyxRBYBefZkJfo70VUkUAsRjcPs47muV9evftfZ0PJVCXYbAiCgght0DtcF9srFQmIgWA==",
          "requires": {
            "@ethersproject/bignumber": "^5.7.0"
          }
        },
        "@ethersproject/hash": {
          "version": "5.7.0",
          "resolved": "https://registry.npmjs.org/@ethersproject/hash/-/hash-5.7.0.tgz",
          "integrity": "sha512-qX5WrQfnah1EFnO5zJv1v46a8HW0+E5xuBBDTwMFZLuVTx0tbU2kkx15NqdjxecrLGatQN9FGQKpb1FKdHCt+g==",
          "requires": {
            "@ethersproject/abstract-signer": "^5.7.0",
            "@ethersproject/address": "^5.7.0",
            "@ethersproject/base64": "^5.7.0",
            "@ethersproject/bignumber": "^5.7.0",
            "@ethersproject/bytes": "^5.7.0",
            "@ethersproject/keccak256": "^5.7.0",
            "@ethersproject/logger": "^5.7.0",
            "@ethersproject/properties": "^5.7.0",
            "@ethersproject/strings": "^5.7.0"
          }
        },
        "@ethersproject/keccak256": {
          "version": "5.7.0",
          "resolved": "https://registry.npmjs.org/@ethersproject/keccak256/-/keccak256-5.7.0.tgz",
          "integrity": "sha512-2UcPboeL/iW+pSg6vZ6ydF8tCnv3Iu/8tUmLLzWWGzxWKFFqOBQFLo6uLUv6BDrLgCDfN28RJ/wtByx+jZ4KBg==",
          "requires": {
            "@ethersproject/bytes": "^5.7.0",
            "js-sha3": "0.8.0"
          }
        },
        "@ethersproject/logger": {
          "version": "5.7.0",
          "resolved": "https://registry.npmjs.org/@ethersproject/logger/-/logger-5.7.0.tgz",
          "integrity": "sha512-0odtFdXu/XHtjQXJYA3u9G0G8btm0ND5Cu8M7i5vhEcE8/HmF4Lbdqanwyv4uQTr2tx6b7fQRmgLrsnpQlmnig=="
        },
        "@ethersproject/networks": {
          "version": "5.7.1",
          "resolved": "https://registry.npmjs.org/@ethersproject/networks/-/networks-5.7.1.tgz",
          "integrity": "sha512-n/MufjFYv3yFcUyfhnXotyDlNdFb7onmkSy8aQERi2PjNcnWQ66xXxa3XlS8nCcA8aJKJjIIMNJTC7tu80GwpQ==",
          "requires": {
            "@ethersproject/logger": "^5.7.0"
          }
        },
        "@ethersproject/properties": {
          "version": "5.7.0",
          "resolved": "https://registry.npmjs.org/@ethersproject/properties/-/properties-5.7.0.tgz",
          "integrity": "sha512-J87jy8suntrAkIZtecpxEPxY//szqr1mlBaYlQ0r4RCaiD2hjheqF9s1LVE8vVuJCXisjIP+JgtK/Do54ej4Sw==",
          "requires": {
            "@ethersproject/logger": "^5.7.0"
          }
        },
        "@ethersproject/random": {
          "version": "5.7.0",
          "resolved": "https://registry.npmjs.org/@ethersproject/random/-/random-5.7.0.tgz",
          "integrity": "sha512-19WjScqRA8IIeWclFme75VMXSBvi4e6InrUNuaR4s5pTF2qNhcGdCUwdxUVGtDDqC00sDLCO93jPQoDUH4HVmQ==",
          "requires": {
            "@ethersproject/bytes": "^5.7.0",
            "@ethersproject/logger": "^5.7.0"
          }
        },
        "@ethersproject/rlp": {
          "version": "5.7.0",
          "resolved": "https://registry.npmjs.org/@ethersproject/rlp/-/rlp-5.7.0.tgz",
          "integrity": "sha512-rBxzX2vK8mVF7b0Tol44t5Tb8gomOHkj5guL+HhzQ1yBh/ydjGnpw6at+X6Iw0Kp3OzzzkcKp8N9r0W4kYSs9w==",
          "requires": {
            "@ethersproject/bytes": "^5.7.0",
            "@ethersproject/logger": "^5.7.0"
          }
        },
        "@ethersproject/sha2": {
          "version": "5.7.0",
          "resolved": "https://registry.npmjs.org/@ethersproject/sha2/-/sha2-5.7.0.tgz",
          "integrity": "sha512-gKlH42riwb3KYp0reLsFTokByAKoJdgFCwI+CCiX/k+Jm2mbNs6oOaCjYQSlI1+XBVejwH2KrmCbMAT/GnRDQw==",
          "requires": {
            "@ethersproject/bytes": "^5.7.0",
            "@ethersproject/logger": "^5.7.0",
            "hash.js": "1.1.7"
          }
        },
        "@ethersproject/signing-key": {
          "version": "5.7.0",
          "resolved": "https://registry.npmjs.org/@ethersproject/signing-key/-/signing-key-5.7.0.tgz",
          "integrity": "sha512-MZdy2nL3wO0u7gkB4nA/pEf8lu1TlFswPNmy8AiYkfKTdO6eXBJyUdmHO/ehm/htHw9K/qF8ujnTyUAD+Ry54Q==",
          "requires": {
            "@ethersproject/bytes": "^5.7.0",
            "@ethersproject/logger": "^5.7.0",
            "@ethersproject/properties": "^5.7.0",
            "bn.js": "^5.2.1",
            "elliptic": "6.5.4",
            "hash.js": "1.1.7"
          }
        },
        "@ethersproject/strings": {
          "version": "5.7.0",
          "resolved": "https://registry.npmjs.org/@ethersproject/strings/-/strings-5.7.0.tgz",
          "integrity": "sha512-/9nu+lj0YswRNSH0NXYqrh8775XNyEdUQAuf3f+SmOrnVewcJ5SBNAjF7lpgehKi4abvNNXyf+HX86czCdJ8Mg==",
          "requires": {
            "@ethersproject/bytes": "^5.7.0",
            "@ethersproject/constants": "^5.7.0",
            "@ethersproject/logger": "^5.7.0"
          }
        },
        "@ethersproject/transactions": {
          "version": "5.7.0",
          "resolved": "https://registry.npmjs.org/@ethersproject/transactions/-/transactions-5.7.0.tgz",
          "integrity": "sha512-kmcNicCp1lp8qanMTC3RIikGgoJ80ztTyvtsFvCYpSCfkjhD0jZ2LOrnbcuxuToLIUYYf+4XwD1rP+B/erDIhQ==",
          "requires": {
            "@ethersproject/address": "^5.7.0",
            "@ethersproject/bignumber": "^5.7.0",
            "@ethersproject/bytes": "^5.7.0",
            "@ethersproject/constants": "^5.7.0",
            "@ethersproject/keccak256": "^5.7.0",
            "@ethersproject/logger": "^5.7.0",
            "@ethersproject/properties": "^5.7.0",
            "@ethersproject/rlp": "^5.7.0",
            "@ethersproject/signing-key": "^5.7.0"
          }
        },
        "@ethersproject/web": {
          "version": "5.7.1",
          "resolved": "https://registry.npmjs.org/@ethersproject/web/-/web-5.7.1.tgz",
          "integrity": "sha512-Gueu8lSvyjBWL4cYsWsjh6MtMwM0+H4HvqFPZfB6dV8ctbP9zFAO73VG1cMWae0FLPCtz0peKPpZY8/ugJJX2w==",
          "requires": {
            "@ethersproject/base64": "^5.7.0",
            "@ethersproject/bytes": "^5.7.0",
            "@ethersproject/logger": "^5.7.0",
            "@ethersproject/properties": "^5.7.0",
            "@ethersproject/strings": "^5.7.0"
          }
        },
        "bn.js": {
          "version": "5.2.1",
          "resolved": "https://registry.npmjs.org/bn.js/-/bn.js-5.2.1.tgz",
          "integrity": "sha512-eXRvHzWyYPBuB4NBy0cmYQjGitUrtqwbvlzP3G6VFnNRbsZQIxQ10PbKKHt8gZ/HW/D/747aDl+QkDqg3KQLMQ=="
        },
        "elliptic": {
          "version": "6.5.4",
          "resolved": "https://registry.npmjs.org/elliptic/-/elliptic-6.5.4.tgz",
          "integrity": "sha512-iLhC6ULemrljPZb+QutR5TQGB+pdW6KGD5RSegS+8sorOZT+rdQFbsQFJgvN3eRqNALqJer4oQ16YvJHlU8hzQ==",
          "requires": {
            "bn.js": "^4.11.9",
            "brorand": "^1.1.0",
            "hash.js": "^1.0.0",
            "hmac-drbg": "^1.0.1",
            "inherits": "^2.0.4",
            "minimalistic-assert": "^1.0.1",
            "minimalistic-crypto-utils": "^1.0.1"
          },
          "dependencies": {
            "bn.js": {
              "version": "4.12.0",
              "resolved": "https://registry.npmjs.org/bn.js/-/bn.js-4.12.0.tgz",
              "integrity": "sha512-c98Bf3tPniI+scsdk237ku1Dc3ujXQTSgyiPUDEOe7tRkhrqridvh8klBv0HCEso1OLOYcHuCv/cS6DNxKH+ZA=="
            }
          }
        },
        "js-sha3": {
          "version": "0.8.0",
          "resolved": "https://registry.npmjs.org/js-sha3/-/js-sha3-0.8.0.tgz",
          "integrity": "sha512-gF1cRrHhIzNfToc802P800N8PpXS+evLLXfsVpowqmAFR9uwbi89WvXg2QspOmXL8QL86J4T1EpFu+yUkwJY3Q=="
        },
        "ws": {
          "version": "7.4.6",
          "resolved": "https://registry.npmjs.org/ws/-/ws-7.4.6.tgz",
          "integrity": "sha512-YmhHDO4MzaDLB+M9ym/mDA5z0naX8j7SIlT8f8z+I0VtzsRbekxEutHSme7NPS2qE8StCYQNUnfWdXta/Yu85A=="
        }
      }
    },
    "@ethersproject/random": {
      "version": "5.0.1",
      "resolved": "https://registry.npmjs.org/@ethersproject/random/-/random-5.0.1.tgz",
      "integrity": "sha512-nYzNhcp5Th4dCocV3yceZmh80bRmSQxqNRgND7Y/YgEgYJSSnknScpfRHACG//kgbsY8zui8ajXJeEnzS7yFbQ==",
      "requires": {
        "@ethersproject/bytes": "^5.0.0",
        "@ethersproject/logger": "^5.0.0"
      }
    },
    "@ethersproject/rlp": {
      "version": "5.0.1",
      "resolved": "https://registry.npmjs.org/@ethersproject/rlp/-/rlp-5.0.1.tgz",
      "integrity": "sha512-3F8XE1zS4w8w4xiK1hMtFuVs6UnhQlmrEHLT85GanqK8vG5wGi81IQmkukL9tQIu2a5jykoO46ibja+6N1fpFg==",
      "requires": {
        "@ethersproject/bytes": "^5.0.0",
        "@ethersproject/logger": "^5.0.0"
      }
    },
    "@ethersproject/sha2": {
      "version": "5.0.1",
      "resolved": "https://registry.npmjs.org/@ethersproject/sha2/-/sha2-5.0.1.tgz",
      "integrity": "sha512-5wNdULNDMJKwyzqrTH66e2TZPZTSqqluS7RNtuuuQSTP+yIALoID7ewLjDoj31g4kZyq/pqQbackKJLOXejTKw==",
      "requires": {
        "@ethersproject/bytes": "^5.0.0",
        "@ethersproject/logger": "^5.0.0",
        "hash.js": "1.1.3"
      },
      "dependencies": {
        "hash.js": {
          "version": "1.1.3",
          "resolved": "https://registry.npmjs.org/hash.js/-/hash.js-1.1.3.tgz",
          "integrity": "sha512-/UETyP0W22QILqS+6HowevwhEFJ3MBJnwTf75Qob9Wz9t0DPuisL8kW8YZMK62dHAKE1c1p+gY1TtOLY+USEHA==",
          "requires": {
            "inherits": "^2.0.3",
            "minimalistic-assert": "^1.0.0"
          }
        }
      }
    },
    "@ethersproject/signing-key": {
      "version": "5.0.2",
      "resolved": "https://registry.npmjs.org/@ethersproject/signing-key/-/signing-key-5.0.2.tgz",
      "integrity": "sha512-kgpCdtgoLoKXJTwJPw3ggRW7EO93YCQ98zY8hBpIb4OK3FxFCR3UUjlrGEwjMnLHDjFrxpKCeJagGWf477RyMQ==",
      "requires": {
        "@ethersproject/bytes": "^5.0.0",
        "@ethersproject/logger": "^5.0.0",
        "@ethersproject/properties": "^5.0.0",
        "elliptic": "6.5.3"
      }
    },
    "@ethersproject/solidity": {
      "version": "5.0.1",
      "resolved": "https://registry.npmjs.org/@ethersproject/solidity/-/solidity-5.0.1.tgz",
      "integrity": "sha512-3L+xI1LaJmd2zBJxnK9Y4cd1vb2aJLFvL6fxvjWpzcMiFiZ4dbPwj3kharv5f5mAlbGwAs6NiPJaFWvbOpm96Q==",
      "requires": {
        "@ethersproject/bignumber": "^5.0.0",
        "@ethersproject/bytes": "^5.0.0",
        "@ethersproject/keccak256": "^5.0.0",
        "@ethersproject/sha2": "^5.0.0",
        "@ethersproject/strings": "^5.0.0"
      }
    },
    "@ethersproject/strings": {
      "version": "5.0.1",
      "resolved": "https://registry.npmjs.org/@ethersproject/strings/-/strings-5.0.1.tgz",
      "integrity": "sha512-N8LxdHGBT7GZdogkEOV5xKXYTz5PNHuNzcxLNPYfH3kpvWSyXshZBgAz8YE1a8sMZagGj+Ic6d3mHijdCTSkGA==",
      "requires": {
        "@ethersproject/bytes": "^5.0.0",
        "@ethersproject/constants": "^5.0.0",
        "@ethersproject/logger": "^5.0.0"
      }
    },
    "@ethersproject/transactions": {
      "version": "5.0.1",
      "resolved": "https://registry.npmjs.org/@ethersproject/transactions/-/transactions-5.0.1.tgz",
      "integrity": "sha512-IGc6/5hri3PrqR/ZCj89osDiq3Lt0CSrycn6vlRl8SjpBKYDdcT+Ru5xkeC7YcsnqcdBmTL+jyR3SLudU+x2Kw==",
      "requires": {
        "@ethersproject/address": "^5.0.0",
        "@ethersproject/bignumber": "^5.0.0",
        "@ethersproject/bytes": "^5.0.0",
        "@ethersproject/constants": "^5.0.0",
        "@ethersproject/keccak256": "^5.0.0",
        "@ethersproject/logger": "^5.0.0",
        "@ethersproject/properties": "^5.0.0",
        "@ethersproject/rlp": "^5.0.0",
        "@ethersproject/signing-key": "^5.0.0"
      }
    },
    "@ethersproject/units": {
      "version": "5.0.1",
      "resolved": "https://registry.npmjs.org/@ethersproject/units/-/units-5.0.1.tgz",
      "integrity": "sha512-7J7Jmm4hMZ+yFiqEd7D5oeVK/V74GDwQlT0Om1yxXLYX6UPcV5ChHkUz/xpHPT9JXQlQ+2D69HBf1dzvdflrmQ==",
      "requires": {
        "@ethersproject/bignumber": "^5.0.0",
        "@ethersproject/constants": "^5.0.0",
        "@ethersproject/logger": "^5.0.0"
      }
    },
    "@ethersproject/wallet": {
      "version": "5.0.1",
      "resolved": "https://registry.npmjs.org/@ethersproject/wallet/-/wallet-5.0.1.tgz",
      "integrity": "sha512-1/QPpFngJtUGtdVOLSoIN3vf+zEWyEVxQ0lhRCwGkiBqL2SoVoDHB7/nCfcv7wwlZkdnegFfo/8DxeyYjTZN7w==",
      "requires": {
        "@ethersproject/abstract-provider": "^5.0.0",
        "@ethersproject/abstract-signer": "^5.0.0",
        "@ethersproject/address": "^5.0.0",
        "@ethersproject/bignumber": "^5.0.0",
        "@ethersproject/bytes": "^5.0.0",
        "@ethersproject/hash": "^5.0.0",
        "@ethersproject/hdnode": "^5.0.0",
        "@ethersproject/json-wallets": "^5.0.0",
        "@ethersproject/keccak256": "^5.0.0",
        "@ethersproject/logger": "^5.0.0",
        "@ethersproject/properties": "^5.0.0",
        "@ethersproject/random": "^5.0.0",
        "@ethersproject/signing-key": "^5.0.0",
        "@ethersproject/transactions": "^5.0.0",
        "@ethersproject/wordlists": "^5.0.0"
      }
    },
    "@ethersproject/web": {
      "version": "5.0.1",
      "resolved": "https://registry.npmjs.org/@ethersproject/web/-/web-5.0.1.tgz",
      "integrity": "sha512-lWPg8BR6KoyiIKYRIM6j+XO9bT9vGM1JnxFj2HmhIvOrOjba7ZRd8ANBOsDVGfw5igLUdfqAUOf9WpSsH//TzA==",
      "requires": {
        "@ethersproject/base64": "^5.0.0",
        "@ethersproject/logger": "^5.0.0",
        "@ethersproject/properties": "^5.0.0",
        "@ethersproject/strings": "^5.0.0"
      }
    },
    "@ethersproject/wordlists": {
      "version": "5.0.1",
      "resolved": "https://registry.npmjs.org/@ethersproject/wordlists/-/wordlists-5.0.1.tgz",
      "integrity": "sha512-R7boLmpewucz5v4jD7cWwI0BGHR/DstiZtjdhUOft6XdMqM1OGb1UTL0GBQeS4vDXzCLuJEHddjJ69beGVN/4Q==",
      "requires": {
        "@ethersproject/bytes": "^5.0.0",
        "@ethersproject/hash": "^5.0.0",
        "@ethersproject/logger": "^5.0.0",
        "@ethersproject/properties": "^5.0.0",
        "@ethersproject/strings": "^5.0.0"
      }
    },
    "aes-js": {
      "version": "3.0.0",
      "resolved": "https://registry.npmjs.org/aes-js/-/aes-js-3.0.0.tgz",
      "integrity": "sha1-4h3xCtbCBTKVvLuNq0Cwnb6ofk0="
    },
    "arg": {
      "version": "4.1.3",
      "resolved": "https://registry.npmjs.org/arg/-/arg-4.1.3.tgz",
      "integrity": "sha512-58S9QDqG0Xx27YwPSt9fJxivjYl432YCwfDMfZ+71RAqUrZef7LrKQZ3LHLOwCS4FLNBplP533Zx895SeOCHvA=="
    },
    "bech32": {
      "version": "1.1.4",
      "resolved": "https://registry.npmjs.org/bech32/-/bech32-1.1.4.tgz",
      "integrity": "sha512-s0IrSOzLlbvX7yp4WBfPITzpAU8sqQcpsmwXDiKwrG4r491vwCO/XpejasRNl0piBMe/DvP4Tz0mIS/X1DPJBQ=="
    },
    "bn.js": {
      "version": "4.11.9",
      "resolved": "https://registry.npmjs.org/bn.js/-/bn.js-4.11.9.tgz",
      "integrity": "sha512-E6QoYqCKZfgatHTdHzs1RRKP7ip4vvm+EyRUeE2RF0NblwVvb0p6jSVeNTOFxPn26QXN2o6SMfNxKp6kU8zQaw=="
    },
    "brorand": {
      "version": "1.1.0",
      "resolved": "https://registry.npmjs.org/brorand/-/brorand-1.1.0.tgz",
      "integrity": "sha1-EsJe/kCkXjwyPrhnWgoM5XsiNx8="
    },
    "buffer-from": {
      "version": "1.1.1",
      "resolved": "https://registry.npmjs.org/buffer-from/-/buffer-from-1.1.1.tgz",
      "integrity": "sha512-MQcXEUbCKtEo7bhqEs6560Hyd4XaovZlO/k9V3hjVUF/zwW7KBVdSK4gIt/bzwS9MbR5qob+F5jusZsb0YQK2A=="
    },
    "diff": {
      "version": "4.0.2",
      "resolved": "https://registry.npmjs.org/diff/-/diff-4.0.2.tgz",
      "integrity": "sha512-58lmxKSA4BNyLz+HHMUzlOEpg09FV+ev6ZMe3vJihgdxzgcwZ8VoEEPmALCZG9LmqfVoNMMKpttIYTVG6uDY7A=="
    },
    "elliptic": {
      "version": "6.5.3",
      "resolved": "https://registry.npmjs.org/elliptic/-/elliptic-6.5.3.tgz",
      "integrity": "sha512-IMqzv5wNQf+E6aHeIqATs0tOLeOTwj1QKbRcS3jBbYkl5oLAserA8yJTT7/VyHUYG91PRmPyeQDObKLPpeS4dw==",
      "requires": {
        "bn.js": "^4.4.0",
        "brorand": "^1.0.1",
        "hash.js": "^1.0.0",
        "hmac-drbg": "^1.0.0",
        "inherits": "^2.0.1",
        "minimalistic-assert": "^1.0.0",
        "minimalistic-crypto-utils": "^1.0.0"
      }
    },
    "esbuild": {
      "version": "0.5.14",
      "resolved": "https://registry.npmjs.org/esbuild/-/esbuild-0.5.14.tgz",
      "integrity": "sha512-0vVlkpR7XOsqzhUA6xgKzZ/vIXCi+sZZI7t/HG4vJ+nUqo77iEyg1KfIKuqk2kBJQ9/Ts7NXuK5/mfL2J0ZVzA=="
    },
    "ethers": {
      "version": "5.0.5",
      "resolved": "https://registry.npmjs.org/ethers/-/ethers-5.0.5.tgz",
      "integrity": "sha512-hkVI7fi16ADWTctYMEfamU39hoR+JpkdEI7LH8PC7Bhl0Dp8y8dqFJ948pSEuuPJI5NR/L4+V6y2Alvyu+zROw==",
      "requires": {
        "@ethersproject/abi": "^5.0.0",
        "@ethersproject/abstract-provider": "^5.0.0",
        "@ethersproject/abstract-signer": "^5.0.0",
        "@ethersproject/address": "^5.0.0",
        "@ethersproject/base64": "^5.0.0",
        "@ethersproject/bignumber": "^5.0.0",
        "@ethersproject/bytes": "^5.0.0",
        "@ethersproject/constants": "^5.0.0",
        "@ethersproject/contracts": "^5.0.0",
        "@ethersproject/hash": "^5.0.0",
        "@ethersproject/hdnode": "^5.0.0",
        "@ethersproject/json-wallets": "^5.0.0",
        "@ethersproject/keccak256": "^5.0.0",
        "@ethersproject/logger": "^5.0.0",
        "@ethersproject/networks": "^5.0.0",
        "@ethersproject/pbkdf2": "^5.0.0",
        "@ethersproject/properties": "^5.0.0",
        "@ethersproject/providers": "^5.0.0",
        "@ethersproject/random": "^5.0.0",
        "@ethersproject/rlp": "^5.0.0",
        "@ethersproject/sha2": "^5.0.0",
        "@ethersproject/signing-key": "^5.0.0",
        "@ethersproject/solidity": "^5.0.0",
        "@ethersproject/strings": "^5.0.0",
        "@ethersproject/transactions": "^5.0.0",
        "@ethersproject/units": "^5.0.0",
        "@ethersproject/wallet": "^5.0.0",
        "@ethersproject/web": "^5.0.0",
        "@ethersproject/wordlists": "^5.0.0"
      }
    },
    "hash.js": {
      "version": "1.1.7",
      "resolved": "https://registry.npmjs.org/hash.js/-/hash.js-1.1.7.tgz",
      "integrity": "sha512-taOaskGt4z4SOANNseOviYDvjEJinIkRgmp7LbKP2YTTmVxWBl87s/uzK9r+44BclBSp2X7K1hqeNfz9JbBeXA==",
      "requires": {
        "inherits": "^2.0.3",
        "minimalistic-assert": "^1.0.1"
      }
    },
    "hmac-drbg": {
      "version": "1.0.1",
      "resolved": "https://registry.npmjs.org/hmac-drbg/-/hmac-drbg-1.0.1.tgz",
      "integrity": "sha1-0nRXAQJabHdabFRXk+1QL8DGSaE=",
      "requires": {
        "hash.js": "^1.0.3",
        "minimalistic-assert": "^1.0.0",
        "minimalistic-crypto-utils": "^1.0.1"
      }
    },
    "inherits": {
      "version": "2.0.4",
      "resolved": "https://registry.npmjs.org/inherits/-/inherits-2.0.4.tgz",
      "integrity": "sha512-k/vGaX4/Yla3WzyMCvTQOXYeIHvqOKtnqBduzTHpzpQZzAskKMhZ2K+EnBiSM9zGSoIFeMpXKxa4dYeZIQqewQ=="
    },
    "js-sha3": {
      "version": "0.5.7",
      "resolved": "https://registry.npmjs.org/js-sha3/-/js-sha3-0.5.7.tgz",
      "integrity": "sha1-DU/9gALVMzqrr0oj7tL2N0yfKOc="
    },
    "js-tokens": {
      "version": "4.0.0",
      "resolved": "https://registry.npmjs.org/js-tokens/-/js-tokens-4.0.0.tgz",
      "integrity": "sha512-RdJUflcE3cUzKiMqQgsCu06FPu9UdIJO0beYbPhHN4k6apgJtifcoCtT9bcxOpYBtpD2kCM6Sbzg4CausW/PKQ=="
    },
    "loose-envify": {
      "version": "1.4.0",
      "resolved": "https://registry.npmjs.org/loose-envify/-/loose-envify-1.4.0.tgz",
      "integrity": "sha512-lyuxPGr/Wfhrlem2CL/UcnUc1zcqKAImBDzukY7Y5F/yQiNdko6+fRLevlw1HgMySw7f611UIY408EtxRSoK3Q==",
      "requires": {
        "js-tokens": "^3.0.0 || ^4.0.0"
      }
    },
    "make-error": {
      "version": "1.3.6",
      "resolved": "https://registry.npmjs.org/make-error/-/make-error-1.3.6.tgz",
      "integrity": "sha512-s8UhlNe7vPKomQhC1qFelMokr/Sc3AgNbso3n74mVPA5LTZwkB9NlXf4XPamLxJE8h0gh73rM94xvwRT2CVInw=="
    },
    "mime": {
      "version": "2.4.6",
      "resolved": "https://registry.npmjs.org/mime/-/mime-2.4.6.tgz",
      "integrity": "sha512-RZKhC3EmpBchfTGBVb8fb+RL2cWyw/32lshnsETttkBAyAUXSGHxbEJWWRXc751DrIxG1q04b8QwMbAwkRPpUA=="
    },
    "minimalistic-assert": {
      "version": "1.0.1",
      "resolved": "https://registry.npmjs.org/minimalistic-assert/-/minimalistic-assert-1.0.1.tgz",
      "integrity": "sha512-UtJcAD4yEaGtjPezWuO9wC4nwUnVH/8/Im3yEHQP4b67cXlD/Qr9hdITCU1xDbSEXg2XKNaP8jsReV7vQd00/A=="
    },
    "minimalistic-crypto-utils": {
      "version": "1.0.1",
      "resolved": "https://registry.npmjs.org/minimalistic-crypto-utils/-/minimalistic-crypto-utils-1.0.1.tgz",
      "integrity": "sha1-9sAMHAsIIkblxNmd+4x8CDsrWCo="
    },
    "object-assign": {
      "version": "4.1.1",
      "resolved": "https://registry.npmjs.org/object-assign/-/object-assign-4.1.1.tgz",
      "integrity": "sha1-IQmtx5ZYh8/AXLvUQsrIv7s2CGM="
    },
    "prop-types": {
      "version": "15.7.2",
      "resolved": "https://registry.npmjs.org/prop-types/-/prop-types-15.7.2.tgz",
      "integrity": "sha512-8QQikdH7//R2vurIJSutZ1smHYTcLpRWEOlHnzcWHmBYrOGUysKwSsrC89BCiFj3CbrfJ/nXFdJepOVrY1GCHQ==",
      "requires": {
        "loose-envify": "^1.4.0",
        "object-assign": "^4.1.1",
        "react-is": "^16.8.1"
      }
    },
    "react": {
      "version": "16.13.1",
      "resolved": "https://registry.npmjs.org/react/-/react-16.13.1.tgz",
      "integrity": "sha512-YMZQQq32xHLX0bz5Mnibv1/LHb3Sqzngu7xstSM+vrkE5Kzr9xE0yMByK5kMoTK30YVJE61WfbxIFFvfeDKT1w==",
      "requires": {
        "loose-envify": "^1.1.0",
        "object-assign": "^4.1.1",
        "prop-types": "^15.6.2"
      }
    },
    "react-dom": {
      "version": "16.13.1",
      "resolved": "https://registry.npmjs.org/react-dom/-/react-dom-16.13.1.tgz",
      "integrity": "sha512-81PIMmVLnCNLO/fFOQxdQkvEq/+Hfpv24XNJfpyZhTRfO0QcmQIF/PgCa1zCOj2w1hrn12MFLyaJ/G0+Mxtfag==",
      "requires": {
        "loose-envify": "^1.1.0",
        "object-assign": "^4.1.1",
        "prop-types": "^15.6.2",
        "scheduler": "^0.19.1"
      }
    },
    "react-is": {
      "version": "16.13.1",
      "resolved": "https://registry.npmjs.org/react-is/-/react-is-16.13.1.tgz",
      "integrity": "sha512-24e6ynE2H+OKt4kqsOvNd8kBpV65zoxbA4BVsEOB3ARVWQki/DHzaUoC5KuON/BiccDaCCTZBuOcfZs70kR8bQ=="
    },
    "scheduler": {
      "version": "0.19.1",
      "resolved": "https://registry.npmjs.org/scheduler/-/scheduler-0.19.1.tgz",
      "integrity": "sha512-n/zwRWRYSUj0/3g/otKDRPMh6qv2SYMWNq85IEa8iZyAv8od9zDYpGSnpBEjNgcMNq6Scbu5KfIPxNF72R/2EA==",
      "requires": {
        "loose-envify": "^1.1.0",
        "object-assign": "^4.1.1"
      }
    },
    "scrypt-js": {
      "version": "3.0.1",
      "resolved": "https://registry.npmjs.org/scrypt-js/-/scrypt-js-3.0.1.tgz",
      "integrity": "sha512-cdwTTnqPu0Hyvf5in5asVdZocVDTNRmR7XEcJuIzMjJeSHybHl7vpB66AzwTaIg6CLSbtjcxc8fqcySfnTkccA=="
    },
    "source-map": {
      "version": "0.6.1",
      "resolved": "https://registry.npmjs.org/source-map/-/source-map-0.6.1.tgz",
      "integrity": "sha512-UjgapumWlbMhkBgzT7Ykc5YXUT46F0iKu8SGXq0bcwP5dz/h0Plj6enJqjz1Zbq2l5WaqYnrVbwWOWMyF3F47g=="
    },
    "source-map-support": {
      "version": "0.5.19",
      "resolved": "https://registry.npmjs.org/source-map-support/-/source-map-support-0.5.19.tgz",
      "integrity": "sha512-Wonm7zOCIJzBGQdB+thsPar0kYuCIzYvxZwlBa87yi/Mdjv7Tip2cyVbLj5o0cFPN4EVkuTwb3GDDyUx2DGnGw==",
      "requires": {
        "buffer-from": "^1.0.0",
        "source-map": "^0.6.0"
      }
    },
    "static-here": {
      "version": "1.0.0",
      "resolved": "https://registry.npmjs.org/static-here/-/static-here-1.0.0.tgz",
      "integrity": "sha512-x99n4++ly2opiyN0kxmorwCm1s7MjmTBl+JBnWsJ8TsLYIihVOevvAY4s6URbTbnFZf7eNTZF5W8RUequKe5VA==",
      "requires": {
        "mime": "^2.4.6"
      }
    },
    "ts-node": {
      "version": "8.10.2",
      "resolved": "https://registry.npmjs.org/ts-node/-/ts-node-8.10.2.tgz",
      "integrity": "sha512-ISJJGgkIpDdBhWVu3jufsWpK3Rzo7bdiIXJjQc0ynKxVOVcg2oIrf2H2cejminGrptVc6q6/uynAHNCuWGbpVA==",
      "requires": {
        "arg": "^4.1.0",
        "diff": "^4.0.1",
        "make-error": "^1.1.1",
        "source-map-support": "^0.5.17",
        "yn": "3.1.1"
      }
    },
    "typescript": {
      "version": "3.9.6",
      "resolved": "https://registry.npmjs.org/typescript/-/typescript-3.9.6.tgz",
      "integrity": "sha512-Pspx3oKAPJtjNwE92YS05HQoY7z2SFyOpHo9MqJor3BXAGNaPUs83CuVp9VISFkSjyRfiTpmKuAYGJB7S7hOxw=="
    },
    "uuid": {
      "version": "2.0.1",
      "resolved": "https://registry.npmjs.org/uuid/-/uuid-2.0.1.tgz",
      "integrity": "sha1-wqMN7bPlNdcsz4LjQ5QaULqFM6w="
    },
    "yn": {
      "version": "3.1.1",
      "resolved": "https://registry.npmjs.org/yn/-/yn-3.1.1.tgz",
      "integrity": "sha512-Ux4ygGWsu2c7isFWe8Yu1YluJmqVhxqK2cLXNQA5AcC3QfbGNpM7fu0Y8b/z16pXLnFxZYvWhd3fhBY9DLmC6Q=="
    }
  }
}
